
Microsoft Visual Studio Solution File, Format Version 12.00
# Visual Studio Version 16
VisualStudioVersion = 16.0.30114.105
MinimumVisualStudioVersion = 10.0.40219.1
Project("{FAE04EC0-301F-11D3-BF4B-00C04F79EFBC}") = "LeapYearA", "LeapYearA\LeapYearA.csproj", "{F93C6D64-B29A-4D75-8E36-7E6DB7E1800B}"
EndProject
Project("{FAE04EC0-301F-11D3-BF4B-00C04F79EFBC}") = "LeapYearA.Tests", "LeapYearA.Tests\LeapYearA.Tests.csproj", "{04850CC7-A3A7-402D-9512-E3DAAFF19D02}"
EndProject
Global
	GlobalSection(SolutionConfigurationPlatforms) = preSolution
		Debug|Any CPU = Debug|Any CPU
		Debug|x64 = Debug|x64
		Debug|x86 = Debug|x86
		Release|Any CPU = Release|Any CPU
		Release|x64 = Release|x64
		Release|x86 = Release|x86
	EndGlobalSection
	GlobalSection(SolutionProperties) = preSolution
		HideSolutionNode = FALSE
	EndGlobalSection
	GlobalSection(ProjectConfigurationPlatforms) = postSolution
		{F93C6D64-B29A-4D75-8E36-7E6DB7E1800B}.Debug|Any CPU.ActiveCfg = Debug|Any CPU
		{F93C6D64-B29A-4D75-8E36-7E6DB7E1800B}.Debug|Any CPU.Build.0 = Debug|Any CPU
		{F93C6D64-B29A-4D75-8E36-7E6DB7E1800B}.Debug|x64.ActiveCfg = Debug|Any CPU
		{F93C6D64-B29A-4D75-8E36-7E6DB7E1800B}.Debug|x64.Build.0 = Debug|Any CPU
		{F93C6D64-B29A-4D75-8E36-7E6DB7E1800B}.Debug|x86.ActiveCfg = Debug|Any CPU
		{F93C6D64-B29A-4D75-8E36-7E6DB7E1800B}.Debug|x86.Build.0 = Debug|Any CPU
		{F93C6D64-B29A-4D75-8E36-7E6DB7E1800B}.Release|Any CPU.ActiveCfg = Release|Any CPU
		{F93C6D64-B29A-4D75-8E36-7E6DB7E1800B}.Release|Any CPU.Build.0 = Release|Any CPU
		{F93C6D64-B29A-4D75-8E36-7E6DB7E1800B}.Release|x64.ActiveCfg = Release|Any CPU
		{F93C6D64-B29A-4D75-8E36-7E6DB7E1800B}.Release|x64.Build.0 = Release|Any CPU
		{F93C6D64-B29A-4D75-8E36-7E6DB7E1800B}.Release|x86.ActiveCfg = Release|Any CPU
		{F93C6D64-B29A-4D75-8E36-7E6DB7E1800B}.Release|x86.Build.0 = Release|Any CPU
		{04850CC7-A3A7-402D-9512-E3DAAFF19D02}.Debug|Any CPU.ActiveCfg = Debug|Any CPU
		{04850CC7-A3A7-402D-9512-E3DAAFF19D02}.Debug|Any CPU.Build.0 = Debug|Any CPU
		{04850CC7-A3A7-402D-9512-E3DAAFF19D02}.Debug|x64.ActiveCfg = Debug|Any CPU
		{04850CC7-A3A7-402D-9512-E3DAAFF19D02}.Debug|x64.Build.0 = Debug|Any CPU
		{04850CC7-A3A7-402D-9512-E3DAAFF19D02}.Debug|x86.ActiveCfg = Debug|Any CPU
		{04850CC7-A3A7-402D-9512-E3DAAFF19D02}.Debug|x86.Build.0 = Debug|Any CPU
		{04850CC7-A3A7-402D-9512-E3DAAFF19D02}.Release|Any CPU.ActiveCfg = Release|Any CPU
		{04850CC7-A3A7-402D-9512-E3DAAFF19D02}.Release|Any CPU.Build.0 = Release|Any CPU
		{04850CC7-A3A7-402D-9512-E3DAAFF19D02}.Release|x64.ActiveCfg = Release|Any CPU
		{04850CC7-A3A7-402D-9512-E3DAAFF19D02}.Release|x64.Build.0 = Release|Any CPU
		{04850CC7-A3A7-402D-9512-E3DAAFF19D02}.Release|x86.ActiveCfg = Release|Any CPU
		{04850CC7-A3A7-402D-9512-E3DAAFF19D02}.Release|x86.Build.0 = Release|Any CPU
	EndGlobalSection
EndGlobal
